
Microsoft Visual Studio Solution File, Format Version 12.00
# Visual Studio Version 16
VisualStudioVersion = 16.0.32126.315
MinimumVisualStudioVersion = 10.0.40219.1
Project("{FAE04EC0-301F-11D3-BF4B-00C04F79EFBC}") = "Interfece_Test", "Interfece_Test\Interfece_Test.csproj", "{FE420F8C-D0AB-486D-A8B8-2CE000BB3C1B}"
EndProject
Global
	GlobalSection(SolutionConfigurationPlatforms) = preSolution
		Debug|Any CPU = Debug|Any CPU
		Release|Any CPU = Release|Any CPU
	EndGlobalSection
	GlobalSection(ProjectConfigurationPlatforms) = postSolution
		{FE420F8C-D0AB-486D-A8B8-2CE000BB3C1B}.Debug|Any CPU.ActiveCfg = Debug|Any CPU
		{FE420F8C-D0AB-486D-A8B8-2CE000BB3C1B}.Debug|Any CPU.Build.0 = Debug|Any CPU
		{FE420F8C-D0AB-486D-A8B8-2CE000BB3C1B}.Release|Any CPU.ActiveCfg = Release|Any CPU
		{FE420F8C-D0AB-486D-A8B8-2CE000BB3C1B}.Release|Any CPU.Build.0 = Release|Any CPU
	EndGlobalSection
	GlobalSection(SolutionProperties) = preSolution
		HideSolutionNode = FALSE
	EndGlobalSection
	GlobalSection(ExtensibilityGlobals) = postSolution
		SolutionGuid = {A232B05E-ADD0-47B5-954E-548C2C5598C6}
	EndGlobalSection
EndGlobal
